
Microsoft Visual Studio Solution File, Format Version 12.00
# Visual Studio Version 17
VisualStudioVersion = 17.3.32922.545
MinimumVisualStudioVersion = 10.0.40219.1
Project("{9A19103F-16F7-4668-BE54-9A1E7A4F7556}") = "Dungeon", "Dungeon\Dungeon.csproj", "{D1591071-97B3-4C72-BDD4-EFA343B5A8DB}"
EndProject
Project("{9A19103F-16F7-4668-BE54-9A1E7A4F7556}") = "RoomGenerator", "RoomGenerator\RoomGenerator.csproj", "{7C67F1E5-D63A-4924-A811-4DA35130B456}"
EndProject
Project("{9A19103F-16F7-4668-BE54-9A1E7A4F7556}") = "DungeonLibrary", "DungeonLibrary\DungeonLibrary.csproj", "{569274DA-E012-4035-92E9-B58C38841F6E}"
EndProject
Project("{FAE04EC0-301F-11D3-BF4B-00C04F79EFBC}") = "DungeonTests", "DungeonTests\DungeonTests.csproj", "{DE921514-2E3A-401C-873F-0F1D8956E2EE}"
EndProject
Global
	GlobalSection(SolutionConfigurationPlatforms) = preSolution
		Debug|Any CPU = Debug|Any CPU
		Release|Any CPU = Release|Any CPU
	EndGlobalSection
	GlobalSection(ProjectConfigurationPlatforms) = postSolution
		{D1591071-97B3-4C72-BDD4-EFA343B5A8DB}.Debug|Any CPU.ActiveCfg = Debug|Any CPU
		{D1591071-97B3-4C72-BDD4-EFA343B5A8DB}.Debug|Any CPU.Build.0 = Debug|Any CPU
		{D1591071-97B3-4C72-BDD4-EFA343B5A8DB}.Release|Any CPU.ActiveCfg = Release|Any CPU
		{D1591071-97B3-4C72-BDD4-EFA343B5A8DB}.Release|Any CPU.Build.0 = Release|Any CPU
		{7C67F1E5-D63A-4924-A811-4DA35130B456}.Debug|Any CPU.ActiveCfg = Debug|Any CPU
		{7C67F1E5-D63A-4924-A811-4DA35130B456}.Debug|Any CPU.Build.0 = Debug|Any CPU
		{7C67F1E5-D63A-4924-A811-4DA35130B456}.Release|Any CPU.ActiveCfg = Release|Any CPU
		{7C67F1E5-D63A-4924-A811-4DA35130B456}.Release|Any CPU.Build.0 = Release|Any CPU
		{569274DA-E012-4035-92E9-B58C38841F6E}.Debug|Any CPU.ActiveCfg = Debug|Any CPU
		{569274DA-E012-4035-92E9-B58C38841F6E}.Debug|Any CPU.Build.0 = Debug|Any CPU
		{569274DA-E012-4035-92E9-B58C38841F6E}.Release|Any CPU.ActiveCfg = Release|Any CPU
		{569274DA-E012-4035-92E9-B58C38841F6E}.Release|Any CPU.Build.0 = Release|Any CPU
		{DE921514-2E3A-401C-873F-0F1D8956E2EE}.Debug|Any CPU.ActiveCfg = Debug|Any CPU
		{DE921514-2E3A-401C-873F-0F1D8956E2EE}.Debug|Any CPU.Build.0 = Debug|Any CPU
		{DE921514-2E3A-401C-873F-0F1D8956E2EE}.Release|Any CPU.ActiveCfg = Release|Any CPU
		{DE921514-2E3A-401C-873F-0F1D8956E2EE}.Release|Any CPU.Build.0 = Release|Any CPU
	EndGlobalSection
	GlobalSection(SolutionProperties) = preSolution
		HideSolutionNode = FALSE
	EndGlobalSection
	GlobalSection(ExtensibilityGlobals) = postSolution
		SolutionGuid = {A238333D-12D8-46D3-860B-FD32FE141FF2}
	EndGlobalSection
EndGlobal
